
Microsoft Visual Studio Solution File, Format Version 12.00
# Visual Studio Version 16
VisualStudioVersion = 16.0.29911.84
MinimumVisualStudioVersion = 10.0.40219.1
Project("{FAE04EC0-301F-11D3-BF4B-00C04F79EFBC}") = "ActiveRecord-Implementation", "ActiveRecord-Implementation\ActiveRecord-Implementation.csproj", "{49703BE4-D32B-4F64-AF79-C6C2703A507C}"
EndProject
Global
	GlobalSection(SolutionConfigurationPlatforms) = preSolution
		Debug|Any CPU = Debug|Any CPU
		Release|Any CPU = Release|Any CPU
	EndGlobalSection
	GlobalSection(ProjectConfigurationPlatforms) = postSolution
		{49703BE4-D32B-4F64-AF79-C6C2703A507C}.Debug|Any CPU.ActiveCfg = Debug|Any CPU
		{49703BE4-D32B-4F64-AF79-C6C2703A507C}.Debug|Any CPU.Build.0 = Debug|Any CPU
		{49703BE4-D32B-4F64-AF79-C6C2703A507C}.Release|Any CPU.ActiveCfg = Release|Any CPU
		{49703BE4-D32B-4F64-AF79-C6C2703A507C}.Release|Any CPU.Build.0 = Release|Any CPU
	EndGlobalSection
	GlobalSection(SolutionProperties) = preSolution
		HideSolutionNode = FALSE
	EndGlobalSection
	GlobalSection(ExtensibilityGlobals) = postSolution
		SolutionGuid = {D8E5D905-37A0-4E29-A7DF-E12ACA8D7FE7}
	EndGlobalSection
EndGlobal
