
Microsoft Visual Studio Solution File, Format Version 12.00
# Visual Studio Version 16
VisualStudioVersion = 16.0.29911.84
MinimumVisualStudioVersion = 10.0.40219.1
Project("{FAE04EC0-301F-11D3-BF4B-00C04F79EFBC}") = "DBProjectRentalStore", "DBProjectRentalStore\DBProjectRentalStore.csproj", "{4239CFF8-13C6-45B1-99B1-8DC42BE19B8C}"
EndProject
Global
	GlobalSection(SolutionConfigurationPlatforms) = preSolution
		Debug|Any CPU = Debug|Any CPU
		Release|Any CPU = Release|Any CPU
	EndGlobalSection
	GlobalSection(ProjectConfigurationPlatforms) = postSolution
		{4239CFF8-13C6-45B1-99B1-8DC42BE19B8C}.Debug|Any CPU.ActiveCfg = Debug|Any CPU
		{4239CFF8-13C6-45B1-99B1-8DC42BE19B8C}.Debug|Any CPU.Build.0 = Debug|Any CPU
		{4239CFF8-13C6-45B1-99B1-8DC42BE19B8C}.Release|Any CPU.ActiveCfg = Release|Any CPU
		{4239CFF8-13C6-45B1-99B1-8DC42BE19B8C}.Release|Any CPU.Build.0 = Release|Any CPU
	EndGlobalSection
	GlobalSection(SolutionProperties) = preSolution
		HideSolutionNode = FALSE
	EndGlobalSection
	GlobalSection(ExtensibilityGlobals) = postSolution
		SolutionGuid = {18BC5B89-0115-4FA4-9BD2-21CE49ED16F2}
	EndGlobalSection
EndGlobal
